{
  "projects": [
    {
      "projectId": "caTPwKxj5ZrD9LQ7DMdK4Z",
      "version": "3.11.0",
      "dependencies": {},
      "lang": "ts",
      "fileLocks": [
        {
          "assetId": "caTPwKxj5ZrD9LQ7DMdK4Z",
          "type": "projectCss",
          "checksum": "3f861d9934733b06ddcc0158487615ce"
        }
      ],
      "codegenVersion": "0.0.1"
    },
    {
      "projectId": "7nJ7UcFmq9UzB6eXfC5z4a",
      "version": "0.8.0",
      "dependencies": {},
      "lang": "ts",
      "fileLocks": [
        {
          "assetId": "7nJ7UcFmq9UzB6eXfC5z4a",
          "type": "projectCss",
          "checksum": "8cf9dfd353bbaf2b2583e7046e8136fb"
        }
      ],
      "codegenVersion": "0.0.1"
    },
    {
      "projectId": "kmmGrmCVRJPgZ5NNJMDQ4v",
      "version": "0.9.0",
      "dependencies": {},
      "lang": "ts",
      "fileLocks": [
        {
          "assetId": "kmmGrmCVRJPgZ5NNJMDQ4v",
          "type": "projectCss",
          "checksum": "dd7de7af23dae5f9bf9adf08c16dae86"
        },
        {
          "assetId": "kmmGrmCVRJPgZ5NNJMDQ4v",
          "checksum": "4c11ffda05abbd2236bba01b7f70e6be",
          "type": "globalContexts"
        }
      ],
      "codegenVersion": "0.0.1"
    },
    {
      "projectId": "hjKYmYi6HMwK6TRyk7ew5R",
      "version": "6.11.0",
      "dependencies": {},
      "lang": "ts",
      "fileLocks": [
        {
          "assetId": "hjKYmYi6HMwK6TRyk7ew5R",
          "type": "projectCss",
          "checksum": "e2a20cff976d3b9fabfeecba32540b91"
        },
        {
          "assetId": "hjKYmYi6HMwK6TRyk7ew5R",
          "checksum": "a852c9e350a845f23f056078ffda3e4b",
          "type": "globalContexts"
        }
      ],
      "codegenVersion": "0.0.1"
    },
    {
      "projectId": "YUiM7yqBWAqsh8KSnrdj7",
      "version": "0.9.0",
      "dependencies": {},
      "lang": "ts",
      "fileLocks": [
        {
          "assetId": "YUiM7yqBWAqsh8KSnrdj7",
          "type": "projectCss",
          "checksum": "6be9dbec891937cda3b59d2fd3c44796"
        }
      ],
      "codegenVersion": "0.0.1"
    },
    {
      "projectId": "fbc4Cxq5duuRi8TiUjb8g3",
      "version": "latest",
      "dependencies": {
        "YUiM7yqBWAqsh8KSnrdj7": "0.9.0",
        "hjKYmYi6HMwK6TRyk7ew5R": "6.11.0",
        "kmmGrmCVRJPgZ5NNJMDQ4v": "0.9.0",
        "7nJ7UcFmq9UzB6eXfC5z4a": "0.8.0",
        "caTPwKxj5ZrD9LQ7DMdK4Z": "3.11.0"
      },
      "lang": "ts",
      "fileLocks": [
        {
          "type": "globalVariant",
          "assetId": "InRVSwsjaPiuza",
          "checksum": "f74c677a0f9d189256f8ab3006295565"
        },
        {
          "assetId": "fbc4Cxq5duuRi8TiUjb8g3",
          "checksum": "d928d9be78cb844f877871fec4359dad",
          "type": "globalContexts"
        },
        {
          "type": "renderModule",
          "assetId": "tFa2TNZ_vYloM",
          "checksum": "10421df9ad106642bec57a1416a1d1a1"
        },
        {
          "type": "cssRules",
          "assetId": "tFa2TNZ_vYloM",
          "checksum": "10421df9ad106642bec57a1416a1d1a1"
        },
        {
          "type": "renderModule",
          "assetId": "JkSHdKwObBEwAc",
          "checksum": "196f178108f8736eb629a2b3e3e154e2"
        },
        {
          "type": "cssRules",
          "assetId": "JkSHdKwObBEwAc",
          "checksum": "196f178108f8736eb629a2b3e3e154e2"
        },
        {
          "type": "renderModule",
          "assetId": "EufOYHNsEsGoXl",
          "checksum": "d120705f69811097e404ded01cbd6fa3"
        },
        {
          "type": "cssRules",
          "assetId": "EufOYHNsEsGoXl",
          "checksum": "d120705f69811097e404ded01cbd6fa3"
        },
        {
          "type": "renderModule",
          "assetId": "79Kr34WKOkP1hX",
          "checksum": "6cec2fe3de540315778c1deab37ee325"
        },
        {
          "type": "cssRules",
          "assetId": "79Kr34WKOkP1hX",
          "checksum": "6cec2fe3de540315778c1deab37ee325"
        },
        {
          "type": "renderModule",
          "assetId": "aZDLoMh6Bd",
          "checksum": "46a7a30ff130f4ba1314781b848ccf1d"
        },
        {
          "type": "cssRules",
          "assetId": "aZDLoMh6Bd",
          "checksum": "46a7a30ff130f4ba1314781b848ccf1d"
        },
        {
          "type": "renderModule",
          "assetId": "QQaMIPNvsru",
          "checksum": "e9b402eb97b0f624561fcc66612b6114"
        },
        {
          "type": "cssRules",
          "assetId": "QQaMIPNvsru",
          "checksum": "e9b402eb97b0f624561fcc66612b6114"
        },
        {
          "type": "icon",
          "assetId": "qPyQ8vRdRnxI7U",
          "checksum": "a9aba446f3957206ff8c8995f2d06018"
        },
        {
          "type": "icon",
          "assetId": "yPY0Kyh-QW3HYw",
          "checksum": "341dbcb2e210cbeab78539bdb059bfc1"
        },
        {
          "type": "icon",
          "assetId": "ky_TFUFtnWT7OL",
          "checksum": "bf6f509a84cf3a43411c98e0d14c80c1"
        },
        {
          "type": "icon",
          "assetId": "IP2lM2lcMMi-p_",
          "checksum": "ebc477c72f3074e755b59ca01ed840cd"
        },
        {
          "type": "icon",
          "assetId": "tQDJDmg0X8tnzw",
          "checksum": "148ad847a09101138fe585edb969d0ea"
        },
        {
          "type": "icon",
          "assetId": "csS1pmColY2o34",
          "checksum": "4e04b56e037e8cae15ef3e69774741d6"
        },
        {
          "type": "icon",
          "assetId": "1ssbHRz3FLvDAJ",
          "checksum": "812236d7aa57ed4f01f035ccbcc2a3b6"
        },
        {
          "type": "icon",
          "assetId": "84GdYG8OAoG",
          "checksum": "00ce472d799a8b35a366c324b1bb74a9"
        },
        {
          "type": "icon",
          "assetId": "nX45vKi2aPbS",
          "checksum": "db5d81ade61282dc62ed048036483877"
        },
        {
          "type": "icon",
          "assetId": "71nSI13PrkIu",
          "checksum": "1fd9a865c23e3e616cd1d3bfc0a438aa"
        },
        {
          "type": "icon",
          "assetId": "fdmDkvhnzsSt",
          "checksum": "e5f4646cdf4d9b5c3774e0f7d8316fe6"
        },
        {
          "type": "icon",
          "assetId": "3TUAcARibrbf",
          "checksum": "2a5157b6d415e020745d826ee83598f4"
        },
        {
          "type": "icon",
          "assetId": "klcotCAudU6H",
          "checksum": "9f6bf9e6a7541aef22ff1faff57eea8e"
        },
        {
          "type": "icon",
          "assetId": "wE3rxZWinXv_",
          "checksum": "309eb68a35e3ceee39bd7da847b54bd9"
        },
        {
          "type": "image",
          "assetId": "Usj7TVC6yoQKG-",
          "checksum": "5730aee2c737d6acdcffa9c39d0b1dfd"
        },
        {
          "type": "image",
          "assetId": "L_K2bz2cDlVdd4",
          "checksum": "722784a76fb1e86688fe2900b0024a2e"
        },
        {
          "type": "image",
          "assetId": "5JyRQ3_UjlEyAa",
          "checksum": "f281d11b5cabf3a741850fc4a9dc6228"
        },
        {
          "type": "image",
          "assetId": "q0hv35yZ_H7I98",
          "checksum": "529095b621cfbecc7ea6616d46abc3fb"
        },
        {
          "type": "image",
          "assetId": "_JxPMcLvXlakLx",
          "checksum": "91c93eb3d87f0f2eda6f9bc43460ff45"
        },
        {
          "type": "image",
          "assetId": "Tr11xBO7hK0vrq",
          "checksum": "9863beded1030f631f7dea846b4d9430"
        },
        {
          "type": "image",
          "assetId": "Zq4-LOCjzjSPGl",
          "checksum": "056b332a79b20cab6bce0fa5cf7be496"
        },
        {
          "type": "image",
          "assetId": "hGLa1m3GH8TrO-",
          "checksum": "5fe658102ddbeda3bda98dbbbc621f6e"
        },
        {
          "type": "image",
          "assetId": "xzTSkGNYZIya-N",
          "checksum": "b7f928895a089f6ec1d080ce652a1938"
        },
        {
          "type": "image",
          "assetId": "g_jlFFC8kHM7-6",
          "checksum": "e43d8ace74b3ced127c3c058b612257d"
        },
        {
          "type": "image",
          "assetId": "ji_R48htAd4phG",
          "checksum": "609950541239f78b0792f43ac852ac40"
        },
        {
          "type": "image",
          "assetId": "Z9g4Ew_ebERxKV",
          "checksum": "83f394299df82a0eba757702ddf6773d"
        },
        {
          "type": "image",
          "assetId": "HMtrKZmhLUshCz",
          "checksum": "5885e14e2674be7b39ab6322891a29d0"
        },
        {
          "type": "image",
          "assetId": "X_B_ogGV9eOcZD",
          "checksum": "4da79792e9c00bf38e3e84f16281aae3"
        },
        {
          "type": "image",
          "assetId": "5qN24J3FRZTqhR",
          "checksum": "28631da6d95dc35e7e6ea119063cfc3b"
        },
        {
          "type": "image",
          "assetId": "nWCPjS_8F0AiD6",
          "checksum": "1d9ab776804f35647ed5a6b943f9dd9e"
        },
        {
          "type": "image",
          "assetId": "JSWNARIyCRJqzU",
          "checksum": "8abd58e582f293bc399b8fcd6eddbdef"
        },
        {
          "type": "image",
          "assetId": "MxV3mf8TeFNtQA",
          "checksum": "acff9eae7b302784ab8535e841276628"
        },
        {
          "type": "image",
          "assetId": "NCYJpHkm9cikj5",
          "checksum": "68f3d455ce13bb4bc2d138f475164f10"
        },
        {
          "type": "image",
          "assetId": "elJkGANhKdZApQ",
          "checksum": "6d58803eeb43ac420e0771cb4a68b944"
        },
        {
          "type": "image",
          "assetId": "PxITY6B43GHECs",
          "checksum": "b1c01b1a6d83d8d05892821b2c684405"
        },
        {
          "type": "image",
          "assetId": "ihTGx9_eUK-Kms",
          "checksum": "f9e3a408dc6fc036d8aba61c455757a3"
        },
        {
          "type": "image",
          "assetId": "5C7wihFiynpFNa",
          "checksum": "683539e37c553633b727916c589879f4"
        },
        {
          "type": "image",
          "assetId": "SISrJk1CYtyj-R",
          "checksum": "6a6cb6d646a7c79282b79218b55eb375"
        },
        {
          "type": "image",
          "assetId": "OtLUfbo0b4xf7S",
          "checksum": "93ac306ee35b06ae2018d3a226f91f41"
        },
        {
          "type": "image",
          "assetId": "07x3i7VZyt3VmL",
          "checksum": "42d27df9b5934522da19d5c43ed41258"
        },
        {
          "type": "image",
          "assetId": "E_L6Jf2EVFbskc",
          "checksum": "237bae4b49fd50b302df36f7952a319e"
        },
        {
          "type": "image",
          "assetId": "nXz-i1dRs87kSU",
          "checksum": "a799890809488d1c5f8ef6274302b078"
        },
        {
          "type": "image",
          "assetId": "niwivZEBQJxoAO",
          "checksum": "b4b24da7cf28e093e110f83b6234fbbc"
        },
        {
          "type": "image",
          "assetId": "N712HWemGuLHeD",
          "checksum": "f195408e3d8dd2f2984ad6b0cd77554f"
        },
        {
          "type": "image",
          "assetId": "RLL3xmUFBeyC8c",
          "checksum": "7ccd5d6a1ff0158720c2f9d7ccbfa5e1"
        },
        {
          "type": "image",
          "assetId": "K_9H9iC0ftGacX",
          "checksum": "140660e9d935794354ba8dd682baa203"
        },
        {
          "type": "image",
          "assetId": "FoVXF_5SYDbhnd",
          "checksum": "4ab1cc768ed8c99702d97ca6a6508847"
        },
        {
          "type": "image",
          "assetId": "rbwRUIAgdxYYeP",
          "checksum": "04ed273c630f2b9fdb470ac59a1f679a"
        },
        {
          "type": "image",
          "assetId": "6UnYjAM-yR8MxM",
          "checksum": "e8e7dbe1816548ca804adb8572f70c0e"
        },
        {
          "type": "image",
          "assetId": "YTu7ncDv0c7jOJ",
          "checksum": "a06c77b5cc80054ffc8840f5bfae47a9"
        },
        {
          "type": "image",
          "assetId": "NijPQ6riuSZeRj",
          "checksum": "071cd9edbeaed047aabf5089694d047b"
        },
        {
          "type": "image",
          "assetId": "TfxFgaDHy90oWU",
          "checksum": "6f2dbf77e1e5632252765505e22be0b2"
        },
        {
          "type": "image",
          "assetId": "wkUxaxXRHI9k",
          "checksum": "02c26bc215f9f2fb4cb7562248985851"
        },
        {
          "type": "image",
          "assetId": "EX0xB0y53qeX",
          "checksum": "200a51fd33e12a609e17c624328328f9"
        },
        {
          "type": "image",
          "assetId": "uKAplRxjhWoI",
          "checksum": "e0ebbe6accf4e3d3cfbba22b0529d712"
        },
        {
          "type": "image",
          "assetId": "5l0HFO2twDqb",
          "checksum": "e1549f927394ea0ccfb8136298a6c89e"
        },
        {
          "type": "image",
          "assetId": "530E-MyK8bDZ",
          "checksum": "52df1987220d3e854ad768f24ca8cc77"
        },
        {
          "type": "image",
          "assetId": "gO2p654I4jJT",
          "checksum": "de6870c3cabdcd94f1793a3a952c514c"
        },
        {
          "type": "image",
          "assetId": "3xxPssv_AEoU",
          "checksum": "549d834552f42c1ada94348c2718d2fc"
        },
        {
          "type": "image",
          "assetId": "spq3isGf1LcM",
          "checksum": "95371f3395d59f8135d54be85eb36288"
        },
        {
          "type": "image",
          "assetId": "wGu2rNI4stlQ",
          "checksum": "2172e3eba557612780f73ef062af2236"
        },
        {
          "type": "image",
          "assetId": "l7-langCUsPk",
          "checksum": "627c718a368e739c5fab2db08d3da0bd"
        },
        {
          "type": "image",
          "assetId": "D712NhX-2aLW",
          "checksum": "3fafc90d12e9e3ca2d8ce8c658a08d94"
        },
        {
          "assetId": "fbc4Cxq5duuRi8TiUjb8g3",
          "type": "projectCss",
          "checksum": "f1f2a1e988076adeaaa5cdbe3628ebdd"
        }
      ],
      "codegenVersion": "0.0.1"
    }
  ],
  "cliVersion": "0.1.196"
}
